
Microsoft Visual Studio Solution File, Format Version 12.00
# Visual Studio Version 16
VisualStudioVersion = 16.0.31624.102
MinimumVisualStudioVersion = 10.0.40219.1
Project("{FAE04EC0-301F-11D3-BF4B-00C04F79EFBC}") = "MvcCoreApp", "MvcCoreApp\MvcCoreApp.csproj", "{748F6F30-0CB3-4916-B419-44A3C9183FC1}"
EndProject
Global
	GlobalSection(SolutionConfigurationPlatforms) = preSolution
		Debug|Any CPU = Debug|Any CPU
		Release|Any CPU = Release|Any CPU
	EndGlobalSection
	GlobalSection(ProjectConfigurationPlatforms) = postSolution
		{748F6F30-0CB3-4916-B419-44A3C9183FC1}.Debug|Any CPU.ActiveCfg = Debug|Any CPU
		{748F6F30-0CB3-4916-B419-44A3C9183FC1}.Debug|Any CPU.Build.0 = Debug|Any CPU
		{748F6F30-0CB3-4916-B419-44A3C9183FC1}.Release|Any CPU.ActiveCfg = Release|Any CPU
		{748F6F30-0CB3-4916-B419-44A3C9183FC1}.Release|Any CPU.Build.0 = Release|Any CPU
	EndGlobalSection
	GlobalSection(SolutionProperties) = preSolution
		HideSolutionNode = FALSE
	EndGlobalSection
	GlobalSection(ExtensibilityGlobals) = postSolution
		SolutionGuid = {A98ACA40-744A-4883-AF38-4FA509207EE5}
	EndGlobalSection
EndGlobal
